
Microsoft Visual Studio Solution File, Format Version 12.00
# Visual Studio Version 17
VisualStudioVersion = 17.5.002.0
MinimumVisualStudioVersion = 10.0.40219.1
Project("{9A19103F-16F7-4668-BE54-9A1E7A4F7556}") = "ConfigurationDemo", "ConfigurationDemo.csproj", "{9A24898B-84EA-4739-9997-CAA291B27368}"
EndProject
Global
	GlobalSection(SolutionConfigurationPlatforms) = preSolution
		Debug|Any CPU = Debug|Any CPU
		Release|Any CPU = Release|Any CPU
	EndGlobalSection
	GlobalSection(ProjectConfigurationPlatforms) = postSolution
		{9A24898B-84EA-4739-9997-CAA291B27368}.Debug|Any CPU.ActiveCfg = Debug|Any CPU
		{9A24898B-84EA-4739-9997-CAA291B27368}.Debug|Any CPU.Build.0 = Debug|Any CPU
		{9A24898B-84EA-4739-9997-CAA291B27368}.Release|Any CPU.ActiveCfg = Release|Any CPU
		{9A24898B-84EA-4739-9997-CAA291B27368}.Release|Any CPU.Build.0 = Release|Any CPU
	EndGlobalSection
	GlobalSection(SolutionProperties) = preSolution
		HideSolutionNode = FALSE
	EndGlobalSection
	GlobalSection(ExtensibilityGlobals) = postSolution
		SolutionGuid = {FC11AD1B-D516-4FEF-93C7-CF58741E091D}
	EndGlobalSection
EndGlobal
